
Microsoft Visual Studio Solution File, Format Version 12.00
# Visual Studio Version 16
VisualStudioVersion = 16.0.28803.352
MinimumVisualStudioVersion = 10.0.40219.1
Project("{9A19103F-16F7-4668-BE54-9A1E7A4F7556}") = "MiUtil.Net.MSTest", "MiUtil.Net.MSTest\MiUtil.Net.MSTest.csproj", "{11B90C48-55B6-46B7-85AB-9C5A0FE76881}"
EndProject
Project("{FAE04EC0-301F-11D3-BF4B-00C04F79EFBC}") = "MiUtil.Net", "MiUtil.Net\MiUtil.Net.csproj", "{934D8C5F-587E-45C2-947A-13CA9DD3D17B}"
EndProject
Global
	GlobalSection(SolutionConfigurationPlatforms) = preSolution
		Debug|Any CPU = Debug|Any CPU
		Release|Any CPU = Release|Any CPU
	EndGlobalSection
	GlobalSection(ProjectConfigurationPlatforms) = postSolution
		{11B90C48-55B6-46B7-85AB-9C5A0FE76881}.Debug|Any CPU.ActiveCfg = Debug|Any CPU
		{11B90C48-55B6-46B7-85AB-9C5A0FE76881}.Debug|Any CPU.Build.0 = Debug|Any CPU
		{11B90C48-55B6-46B7-85AB-9C5A0FE76881}.Release|Any CPU.ActiveCfg = Release|Any CPU
		{11B90C48-55B6-46B7-85AB-9C5A0FE76881}.Release|Any CPU.Build.0 = Release|Any CPU
		{934D8C5F-587E-45C2-947A-13CA9DD3D17B}.Debug|Any CPU.ActiveCfg = Debug|Any CPU
		{934D8C5F-587E-45C2-947A-13CA9DD3D17B}.Debug|Any CPU.Build.0 = Debug|Any CPU
		{934D8C5F-587E-45C2-947A-13CA9DD3D17B}.Release|Any CPU.ActiveCfg = Release|Any CPU
		{934D8C5F-587E-45C2-947A-13CA9DD3D17B}.Release|Any CPU.Build.0 = Release|Any CPU
	EndGlobalSection
	GlobalSection(SolutionProperties) = preSolution
		HideSolutionNode = FALSE
	EndGlobalSection
	GlobalSection(ExtensibilityGlobals) = postSolution
		SolutionGuid = {8EFE8F77-DD4F-4B40-9AA4-DF61EFE1FAD0}
	EndGlobalSection
EndGlobal
